// !$*UTF8*$!
{
	archiveVersion = 1;
	classes = {
	};
	objectVersion = 56;
	objects = {

/* Begin PBXBuildFile section */
		25911A0D2C86D04E0029FF09 /* MainViewController.swift in Sources */ = {isa = PBXBuildFile; fileRef = 25911A0C2C86D04E0029FF09 /* MainViewController.swift */; };
		25911A0F2C86D05D0029FF09 /* RankViewController.swift in Sources */ = {isa = PBXBuildFile; fileRef = 25911A0E2C86D05D0029FF09 /* RankViewController.swift */; };
		259B5F902C857F6600434B74 /* HomeViewController.swift in Sources */ = {isa = PBXBuildFile; fileRef = 259B5F8F2C857F6600434B74 /* HomeViewController.swift */; };
		259B5F922C857F7900434B74 /* ProfileView.swift in Sources */ = {isa = PBXBuildFile; fileRef = 259B5F912C857F7900434B74 /* ProfileView.swift */; };
		259B5F942C857F8300434B74 /* HomeViewModel.swift in Sources */ = {isa = PBXBuildFile; fileRef = 259B5F932C857F8300434B74 /* HomeViewModel.swift */; };
		259B5F962C857FC000434B74 /* RxCocoa in Frameworks */ = {isa = PBXBuildFile; productRef = 259B5F952C857FC000434B74 /* RxCocoa */; };
		25F6667B2C8005480089A454 /* AppDelegate.swift in Sources */ = {isa = PBXBuildFile; fileRef = 25F6667A2C8005480089A454 /* AppDelegate.swift */; };
		25F6667D2C8005480089A454 /* SceneDelegate.swift in Sources */ = {isa = PBXBuildFile; fileRef = 25F6667C2C8005480089A454 /* SceneDelegate.swift */; };
		25F6667F2C8005480089A454 /* ViewController.swift in Sources */ = {isa = PBXBuildFile; fileRef = 25F6667E2C8005480089A454 /* ViewController.swift */; };
		25F666842C8005490089A454 /* Assets.xcassets in Resources */ = {isa = PBXBuildFile; fileRef = 25F666832C8005490089A454 /* Assets.xcassets */; };
		25F666872C8005490089A454 /* Base in Resources */ = {isa = PBXBuildFile; fileRef = 25F666862C8005490089A454 /* Base */; };
		25F666952C80067C0089A454 /* Then in Frameworks */ = {isa = PBXBuildFile; productRef = 25F666942C80067C0089A454 /* Then */; };
		25F6669D2C80070E0089A454 /* Moya in Frameworks */ = {isa = PBXBuildFile; productRef = 25F6669C2C80070E0089A454 /* Moya */; };
		25F6669F2C80070E0089A454 /* ReactiveMoya in Frameworks */ = {isa = PBXBuildFile; productRef = 25F6669E2C80070E0089A454 /* ReactiveMoya */; };
		25F666A12C80070E0089A454 /* RxMoya in Frameworks */ = {isa = PBXBuildFile; productRef = 25F666A02C80070E0089A454 /* RxMoya */; };
		25F666A42C8007CF0089A454 /* SnapKit in Frameworks */ = {isa = PBXBuildFile; productRef = 25F666A32C8007CF0089A454 /* SnapKit */; };
		25F666A72C8007EC0089A454 /* RxSwift in Frameworks */ = {isa = PBXBuildFile; productRef = 25F666A62C8007EC0089A454 /* RxSwift */; };
		25F666AE2C800A100089A454 /* data.swift in Sources */ = {isa = PBXBuildFile; fileRef = 25F666AD2C800A100089A454 /* data.swift */; };
		25F666B82C800AD90089A454 /* BaseViewController.swift in Sources */ = {isa = PBXBuildFile; fileRef = 25F666B72C800AD90089A454 /* BaseViewController.swift */; };
		25F666BA2C800AE70089A454 /* BaseView.swift in Sources */ = {isa = PBXBuildFile; fileRef = 25F666B92C800AE70089A454 /* BaseView.swift */; };
		25F666BC2C800B080089A454 /* UIComponets.swift in Sources */ = {isa = PBXBuildFile; fileRef = 25F666BB2C800B080089A454 /* UIComponets.swift */; };
		25F666BE2C800B2A0089A454 /* TabBarController.swift in Sources */ = {isa = PBXBuildFile; fileRef = 25F666BD2C800B2A0089A454 /* TabBarController.swift */; };
		25F666C02C800B360089A454 /* TabBarItem.swift in Sources */ = {isa = PBXBuildFile; fileRef = 25F666BF2C800B360089A454 /* TabBarItem.swift */; };
		25F666C22C800B670089A454 /* APIService.swift in Sources */ = {isa = PBXBuildFile; fileRef = 25F666C12C800B670089A454 /* APIService.swift */; };
		25F666C42C800B6F0089A454 /* ServiceError.swift in Sources */ = {isa = PBXBuildFile; fileRef = 25F666C32C800B6F0089A454 /* ServiceError.swift */; };
		25F666C62C800B760089A454 /* Base.swift in Sources */ = {isa = PBXBuildFile; fileRef = 25F666C52C800B760089A454 /* Base.swift */; };
		25F666C82C800B7C0089A454 /* Enviornment.swift in Sources */ = {isa = PBXBuildFile; fileRef = 25F666C72C800B7C0089A454 /* Enviornment.swift */; };
		25F666CD2C802F9F0089A454 /* Extension.swift in Sources */ = {isa = PBXBuildFile; fileRef = 25F666CC2C802F9F0089A454 /* Extension.swift */; };
		25F666CF2C802FA60089A454 /* Literals.swift in Sources */ = {isa = PBXBuildFile; fileRef = 25F666CE2C802FA60089A454 /* Literals.swift */; };
		25F666D12C802FAD0089A454 /* Resource.swift in Sources */ = {isa = PBXBuildFile; fileRef = 25F666D02C802FAD0089A454 /* Resource.swift */; };
		25F666D52C802FC80089A454 /* Font.swift in Sources */ = {isa = PBXBuildFile; fileRef = 25F666D42C802FC80089A454 /* Font.swift */; };
		25F666D72C80306C0089A454 /* String+.swift in Sources */ = {isa = PBXBuildFile; fileRef = 25F666D62C80306C0089A454 /* String+.swift */; };
		25F666D92C8030780089A454 /* UITextField+.swift in Sources */ = {isa = PBXBuildFile; fileRef = 25F666D82C8030780089A454 /* UITextField+.swift */; };
		25F666DB2C8030900089A454 /* NSObject+.swift in Sources */ = {isa = PBXBuildFile; fileRef = 25F666DA2C8030900089A454 /* NSObject+.swift */; };
		25F666DD2C80309F0089A454 /* UIImage+.swift in Sources */ = {isa = PBXBuildFile; fileRef = 25F666DC2C80309F0089A454 /* UIImage+.swift */; };
		25F666DF2C8030AC0089A454 /* UITabBar+.swift in Sources */ = {isa = PBXBuildFile; fileRef = 25F666DE2C8030AC0089A454 /* UITabBar+.swift */; };
		25F666E12C8030B50089A454 /* UIColor+.swift in Sources */ = {isa = PBXBuildFile; fileRef = 25F666E02C8030B50089A454 /* UIColor+.swift */; };
		25F666E32C8030E50089A454 /* UIView+.swift in Sources */ = {isa = PBXBuildFile; fileRef = 25F666E22C8030E50089A454 /* UIView+.swift */; };
		25F666E52C8030F50089A454 /* UIButton+.swift in Sources */ = {isa = PBXBuildFile; fileRef = 25F666E42C8030F50089A454 /* UIButton+.swift */; };
		25F666E72C8031020089A454 /* Encodable+.swift in Sources */ = {isa = PBXBuildFile; fileRef = 25F666E62C8031020089A454 /* Encodable+.swift */; };
		25F666E92C8031370089A454 /* Observable+.swift in Sources */ = {isa = PBXBuildFile; fileRef = 25F666E82C8031370089A454 /* Observable+.swift */; };
		25F666EB2C8031680089A454 /* SizeLiterals.swift in Sources */ = {isa = PBXBuildFile; fileRef = 25F666EA2C8031680089A454 /* SizeLiterals.swift */; };
		25F666ED2C8031790089A454 /* ImageLiterals.swift in Sources */ = {isa = PBXBuildFile; fileRef = 25F666EC2C8031790089A454 /* ImageLiterals.swift */; };
		25F666EF2C8033100089A454 /* FontLiterals.swift in Sources */ = {isa = PBXBuildFile; fileRef = 25F666EE2C8033100089A454 /* FontLiterals.swift */; };
		25F666F12C8033200089A454 /* ColorLiterals.swift in Sources */ = {isa = PBXBuildFile; fileRef = 25F666F02C8033200089A454 /* ColorLiterals.swift */; };
/* End PBXBuildFile section */

/* Begin PBXFileReference section */
		25911A0C2C86D04E0029FF09 /* MainViewController.swift */ = {isa = PBXFileReference; lastKnownFileType = sourcecode.swift; path = MainViewController.swift; sourceTree = "<group>"; };
		25911A0E2C86D05D0029FF09 /* RankViewController.swift */ = {isa = PBXFileReference; lastKnownFileType = sourcecode.swift; path = RankViewController.swift; sourceTree = "<group>"; };
		259B5F8F2C857F6600434B74 /* HomeViewController.swift */ = {isa = PBXFileReference; lastKnownFileType = sourcecode.swift; path = HomeViewController.swift; sourceTree = "<group>"; };
		259B5F912C857F7900434B74 /* ProfileView.swift */ = {isa = PBXFileReference; lastKnownFileType = sourcecode.swift; path = ProfileView.swift; sourceTree = "<group>"; };
		259B5F932C857F8300434B74 /* HomeViewModel.swift */ = {isa = PBXFileReference; lastKnownFileType = sourcecode.swift; path = HomeViewModel.swift; sourceTree = "<group>"; };
		25F666772C8005480089A454 /* ITy.app */ = {isa = PBXFileReference; explicitFileType = wrapper.application; includeInIndex = 0; path = ITy.app; sourceTree = BUILT_PRODUCTS_DIR; };
		25F6667A2C8005480089A454 /* AppDelegate.swift */ = {isa = PBXFileReference; lastKnownFileType = sourcecode.swift; path = AppDelegate.swift; sourceTree = "<group>"; };
		25F6667C2C8005480089A454 /* SceneDelegate.swift */ = {isa = PBXFileReference; lastKnownFileType = sourcecode.swift; path = SceneDelegate.swift; sourceTree = "<group>"; };
		25F6667E2C8005480089A454 /* ViewController.swift */ = {isa = PBXFileReference; lastKnownFileType = sourcecode.swift; path = ViewController.swift; sourceTree = "<group>"; };
		25F666832C8005490089A454 /* Assets.xcassets */ = {isa = PBXFileReference; lastKnownFileType = folder.assetcatalog; path = Assets.xcassets; sourceTree = "<group>"; };
		25F666862C8005490089A454 /* Base */ = {isa = PBXFileReference; lastKnownFileType = file.storyboard; name = Base; path = Base.lproj/LaunchScreen.storyboard; sourceTree = "<group>"; };
		25F666882C8005490089A454 /* Info.plist */ = {isa = PBXFileReference; lastKnownFileType = text.plist.xml; path = Info.plist; sourceTree = "<group>"; };
		25F666AD2C800A100089A454 /* data.swift */ = {isa = PBXFileReference; lastKnownFileType = sourcecode.swift; path = data.swift; sourceTree = "<group>"; };
		25F666B72C800AD90089A454 /* BaseViewController.swift */ = {isa = PBXFileReference; lastKnownFileType = sourcecode.swift; path = BaseViewController.swift; sourceTree = "<group>"; };
		25F666B92C800AE70089A454 /* BaseView.swift */ = {isa = PBXFileReference; lastKnownFileType = sourcecode.swift; path = BaseView.swift; sourceTree = "<group>"; };
		25F666BB2C800B080089A454 /* UIComponets.swift */ = {isa = PBXFileReference; lastKnownFileType = sourcecode.swift; path = UIComponets.swift; sourceTree = "<group>"; };
		25F666BD2C800B2A0089A454 /* TabBarController.swift */ = {isa = PBXFileReference; lastKnownFileType = sourcecode.swift; path = TabBarController.swift; sourceTree = "<group>"; };
		25F666BF2C800B360089A454 /* TabBarItem.swift */ = {isa = PBXFileReference; lastKnownFileType = sourcecode.swift; path = TabBarItem.swift; sourceTree = "<group>"; };
		25F666C12C800B670089A454 /* APIService.swift */ = {isa = PBXFileReference; lastKnownFileType = sourcecode.swift; path = APIService.swift; sourceTree = "<group>"; };
		25F666C32C800B6F0089A454 /* ServiceError.swift */ = {isa = PBXFileReference; lastKnownFileType = sourcecode.swift; path = ServiceError.swift; sourceTree = "<group>"; };
		25F666C52C800B760089A454 /* Base.swift */ = {isa = PBXFileReference; lastKnownFileType = sourcecode.swift; path = Base.swift; sourceTree = "<group>"; };
		25F666C72C800B7C0089A454 /* Enviornment.swift */ = {isa = PBXFileReference; lastKnownFileType = sourcecode.swift; path = Enviornment.swift; sourceTree = "<group>"; };
		25F666CC2C802F9F0089A454 /* Extension.swift */ = {isa = PBXFileReference; lastKnownFileType = sourcecode.swift; path = Extension.swift; sourceTree = "<group>"; };
		25F666CE2C802FA60089A454 /* Literals.swift */ = {isa = PBXFileReference; lastKnownFileType = sourcecode.swift; path = Literals.swift; sourceTree = "<group>"; };
		25F666D02C802FAD0089A454 /* Resource.swift */ = {isa = PBXFileReference; lastKnownFileType = sourcecode.swift; path = Resource.swift; sourceTree = "<group>"; };
		25F666D42C802FC80089A454 /* Font.swift */ = {isa = PBXFileReference; lastKnownFileType = sourcecode.swift; path = Font.swift; sourceTree = "<group>"; };
		25F666D62C80306C0089A454 /* String+.swift */ = {isa = PBXFileReference; lastKnownFileType = sourcecode.swift; path = "String+.swift"; sourceTree = "<group>"; };
		25F666D82C8030780089A454 /* UITextField+.swift */ = {isa = PBXFileReference; lastKnownFileType = sourcecode.swift; path = "UITextField+.swift"; sourceTree = "<group>"; };
		25F666DA2C8030900089A454 /* NSObject+.swift */ = {isa = PBXFileReference; lastKnownFileType = sourcecode.swift; path = "NSObject+.swift"; sourceTree = "<group>"; };
		25F666DC2C80309F0089A454 /* UIImage+.swift */ = {isa = PBXFileReference; lastKnownFileType = sourcecode.swift; path = "UIImage+.swift"; sourceTree = "<group>"; };
		25F666DE2C8030AC0089A454 /* UITabBar+.swift */ = {isa = PBXFileReference; lastKnownFileType = sourcecode.swift; path = "UITabBar+.swift"; sourceTree = "<group>"; };
		25F666E02C8030B50089A454 /* UIColor+.swift */ = {isa = PBXFileReference; lastKnownFileType = sourcecode.swift; path = "UIColor+.swift"; sourceTree = "<group>"; };
		25F666E22C8030E50089A454 /* UIView+.swift */ = {isa = PBXFileReference; lastKnownFileType = sourcecode.swift; path = "UIView+.swift"; sourceTree = "<group>"; };
		25F666E42C8030F50089A454 /* UIButton+.swift */ = {isa = PBXFileReference; lastKnownFileType = sourcecode.swift; path = "UIButton+.swift"; sourceTree = "<group>"; };
		25F666E62C8031020089A454 /* Encodable+.swift */ = {isa = PBXFileReference; lastKnownFileType = sourcecode.swift; path = "Encodable+.swift"; sourceTree = "<group>"; };
		25F666E82C8031370089A454 /* Observable+.swift */ = {isa = PBXFileReference; lastKnownFileType = sourcecode.swift; path = "Observable+.swift"; sourceTree = "<group>"; };
		25F666EA2C8031680089A454 /* SizeLiterals.swift */ = {isa = PBXFileReference; lastKnownFileType = sourcecode.swift; path = SizeLiterals.swift; sourceTree = "<group>"; };
		25F666EC2C8031790089A454 /* ImageLiterals.swift */ = {isa = PBXFileReference; lastKnownFileType = sourcecode.swift; path = ImageLiterals.swift; sourceTree = "<group>"; };
		25F666EE2C8033100089A454 /* FontLiterals.swift */ = {isa = PBXFileReference; lastKnownFileType = sourcecode.swift; path = FontLiterals.swift; sourceTree = "<group>"; };
		25F666F02C8033200089A454 /* ColorLiterals.swift */ = {isa = PBXFileReference; lastKnownFileType = sourcecode.swift; path = ColorLiterals.swift; sourceTree = "<group>"; };
/* End PBXFileReference section */

/* Begin PBXFrameworksBuildPhase section */
		25F666742C8005480089A454 /* Frameworks */ = {
			isa = PBXFrameworksBuildPhase;
			buildActionMask = 2147483647;
			files = (
				25F666A72C8007EC0089A454 /* RxSwift in Frameworks */,
				25F6669F2C80070E0089A454 /* ReactiveMoya in Frameworks */,
				25F6669D2C80070E0089A454 /* Moya in Frameworks */,
				259B5F962C857FC000434B74 /* RxCocoa in Frameworks */,
				25F666952C80067C0089A454 /* Then in Frameworks */,
				25F666A12C80070E0089A454 /* RxMoya in Frameworks */,
				25F666A42C8007CF0089A454 /* SnapKit in Frameworks */,
			);
			runOnlyForDeploymentPostprocessing = 0;
		};
/* End PBXFrameworksBuildPhase section */

/* Begin PBXGroup section */
		259B5F8B2C856F1800434B74 /* Home */ = {
			isa = PBXGroup;
			children = (
				259B5F8D2C856F2A00434B74 /* ViewModel */,
				259B5F8E2C856F3100434B74 /* View */,
			);
			path = Home;
			sourceTree = "<group>";
		};
		259B5F8C2C856F2400434B74 /* ViewController */ = {
			isa = PBXGroup;
			children = (
				259B5F8F2C857F6600434B74 /* HomeViewController.swift */,
				25911A0C2C86D04E0029FF09 /* MainViewController.swift */,
				25911A0E2C86D05D0029FF09 /* RankViewController.swift */,
			);
			path = ViewController;
			sourceTree = "<group>";
		};
		259B5F8D2C856F2A00434B74 /* ViewModel */ = {
			isa = PBXGroup;
			children = (
				259B5F932C857F8300434B74 /* HomeViewModel.swift */,
			);
			path = ViewModel;
			sourceTree = "<group>";
		};
		259B5F8E2C856F3100434B74 /* View */ = {
			isa = PBXGroup;
			children = (
				259B5F912C857F7900434B74 /* ProfileView.swift */,
				259B5F8C2C856F2400434B74 /* ViewController */,
			);
			path = View;
			sourceTree = "<group>";
		};
		25F6666E2C8005480089A454 = {
			isa = PBXGroup;
			children = (
				25F666792C8005480089A454 /* ITy */,
				25F666782C8005480089A454 /* Products */,
			);
			sourceTree = "<group>";
		};
		25F666782C8005480089A454 /* Products */ = {
			isa = PBXGroup;
			children = (
				25F666772C8005480089A454 /* ITy.app */,
			);
			name = Products;
			sourceTree = "<group>";
		};
		25F666792C8005480089A454 /* ITy */ = {
			isa = PBXGroup;
			children = (
				25F666AC2C8009A70089A454 /* Application */,
				25F666AB2C8009A60089A454 /* Data */,
				25F666AA2C8009A50089A454 /* Network */,
				25F666A92C8009A00089A454 /* Presentation */,
				25F666A82C80099E0089A454 /* Global */,
				25F666882C8005490089A454 /* Info.plist */,
			);
			path = ITy;
			sourceTree = "<group>";
		};
		25F666A82C80099E0089A454 /* Global */ = {
			isa = PBXGroup;
			children = (
				25F666CB2C802F490089A454 /* Extension */,
				25F666CA2C802F480089A454 /* Literals */,
				25F666C92C802F400089A454 /* Resource */,
			);
			path = Global;
			sourceTree = "<group>";
		};
		25F666A92C8009A00089A454 /* Presentation */ = {
			isa = PBXGroup;
			children = (
				259B5F8B2C856F1800434B74 /* Home */,
				25F6667E2C8005480089A454 /* ViewController.swift */,
				25F666B32C800A570089A454 /* Common */,
			);
			path = Presentation;
			sourceTree = "<group>";
		};
		25F666AA2C8009A50089A454 /* Network */ = {
			isa = PBXGroup;
			children = (
				25F666B22C800A300089A454 /* APIService */,
				25F666B12C800A2F0089A454 /* ServiceError */,
				25F666B02C800A2D0089A454 /* Base */,
				25F666AF2C800A2B0089A454 /* Enviornment */,
			);
			path = Network;
			sourceTree = "<group>";
		};
		25F666AB2C8009A60089A454 /* Data */ = {
			isa = PBXGroup;
			children = (
				25F666AD2C800A100089A454 /* data.swift */,
			);
			path = Data;
			sourceTree = "<group>";
		};
		25F666AC2C8009A70089A454 /* Application */ = {
			isa = PBXGroup;
			children = (
				25F6667A2C8005480089A454 /* AppDelegate.swift */,
				25F6667C2C8005480089A454 /* SceneDelegate.swift */,
			);
			path = Application;
			sourceTree = "<group>";
		};
		25F666AF2C800A2B0089A454 /* Enviornment */ = {
			isa = PBXGroup;
			children = (
				25F666C72C800B7C0089A454 /* Enviornment.swift */,
			);
			path = Enviornment;
			sourceTree = "<group>";
		};
		25F666B02C800A2D0089A454 /* Base */ = {
			isa = PBXGroup;
			children = (
				25F666C52C800B760089A454 /* Base.swift */,
			);
			path = Base;
			sourceTree = "<group>";
		};
		25F666B12C800A2F0089A454 /* ServiceError */ = {
			isa = PBXGroup;
			children = (
				25F666C32C800B6F0089A454 /* ServiceError.swift */,
			);
			path = ServiceError;
			sourceTree = "<group>";
		};
		25F666B22C800A300089A454 /* APIService */ = {
			isa = PBXGroup;
			children = (
				25F666C12C800B670089A454 /* APIService.swift */,
			);
			path = APIService;
			sourceTree = "<group>";
		};
		25F666B32C800A570089A454 /* Common */ = {
			isa = PBXGroup;
			children = (
				25F666B42C800A610089A454 /* Base */,
				25F666B62C800A670089A454 /* UIComponents */,
				25F666B52C800A650089A454 /* TabBar */,
			);
			path = Common;
			sourceTree = "<group>";
		};
		25F666B42C800A610089A454 /* Base */ = {
			isa = PBXGroup;
			children = (
				25F666B72C800AD90089A454 /* BaseViewController.swift */,
				25F666B92C800AE70089A454 /* BaseView.swift */,
			);
			path = Base;
			sourceTree = "<group>";
		};
		25F666B52C800A650089A454 /* TabBar */ = {
			isa = PBXGroup;
			children = (
				25F666BD2C800B2A0089A454 /* TabBarController.swift */,
				25F666BF2C800B360089A454 /* TabBarItem.swift */,
			);
			path = TabBar;
			sourceTree = "<group>";
		};
		25F666B62C800A670089A454 /* UIComponents */ = {
			isa = PBXGroup;
			children = (
				25F666BB2C800B080089A454 /* UIComponets.swift */,
			);
			path = UIComponents;
			sourceTree = "<group>";
		};
		25F666C92C802F400089A454 /* Resource */ = {
			isa = PBXGroup;
			children = (
				25F666D32C802FBA0089A454 /* AssetCatalog */,
				25F666D22C802FB90089A454 /* Font */,
				25F666D02C802FAD0089A454 /* Resource.swift */,
				25F666852C8005490089A454 /* LaunchScreen.storyboard */,
			);
			path = Resource;
			sourceTree = "<group>";
		};
		25F666CA2C802F480089A454 /* Literals */ = {
			isa = PBXGroup;
			children = (
				25F666CE2C802FA60089A454 /* Literals.swift */,
				25F666EA2C8031680089A454 /* SizeLiterals.swift */,
				25F666EC2C8031790089A454 /* ImageLiterals.swift */,
				25F666EE2C8033100089A454 /* FontLiterals.swift */,
				25F666F02C8033200089A454 /* ColorLiterals.swift */,
			);
			path = Literals;
			sourceTree = "<group>";
		};
		25F666CB2C802F490089A454 /* Extension */ = {
			isa = PBXGroup;
			children = (
				25F666CC2C802F9F0089A454 /* Extension.swift */,
				25F666D62C80306C0089A454 /* String+.swift */,
				25F666D82C8030780089A454 /* UITextField+.swift */,
				25F666DA2C8030900089A454 /* NSObject+.swift */,
				25F666DC2C80309F0089A454 /* UIImage+.swift */,
				25F666DE2C8030AC0089A454 /* UITabBar+.swift */,
				25F666E02C8030B50089A454 /* UIColor+.swift */,
				25F666E22C8030E50089A454 /* UIView+.swift */,
				25F666E42C8030F50089A454 /* UIButton+.swift */,
				25F666E62C8031020089A454 /* Encodable+.swift */,
				25F666E82C8031370089A454 /* Observable+.swift */,
			);
			path = Extension;
			sourceTree = "<group>";
		};
		25F666D22C802FB90089A454 /* Font */ = {
			isa = PBXGroup;
			children = (
				25F666D42C802FC80089A454 /* Font.swift */,
			);
			path = Font;
			sourceTree = "<group>";
		};
		25F666D32C802FBA0089A454 /* AssetCatalog */ = {
			isa = PBXGroup;
			children = (
				25F666832C8005490089A454 /* Assets.xcassets */,
			);
			path = AssetCatalog;
			sourceTree = "<group>";
		};
/* End PBXGroup section */

/* Begin PBXNativeTarget section */
		25F666762C8005480089A454 /* ITy */ = {
			isa = PBXNativeTarget;
			buildConfigurationList = 25F6668B2C8005490089A454 /* Build configuration list for PBXNativeTarget "ITy" */;
			buildPhases = (
				25F666732C8005480089A454 /* Sources */,
				25F666742C8005480089A454 /* Frameworks */,
				25F666752C8005480089A454 /* Resources */,
			);
			buildRules = (
			);
			dependencies = (
			);
			name = ITy;
			packageProductDependencies = (
				25F666942C80067C0089A454 /* Then */,
				25F6669C2C80070E0089A454 /* Moya */,
				25F6669E2C80070E0089A454 /* ReactiveMoya */,
				25F666A02C80070E0089A454 /* RxMoya */,
				25F666A32C8007CF0089A454 /* SnapKit */,
				25F666A62C8007EC0089A454 /* RxSwift */,
				259B5F952C857FC000434B74 /* RxCocoa */,
			);
			productName = ITy;
			productReference = 25F666772C8005480089A454 /* ITy.app */;
			productType = "com.apple.product-type.application";
		};
/* End PBXNativeTarget section */

/* Begin PBXProject section */
		25F6666F2C8005480089A454 /* Project object */ = {
			isa = PBXProject;
			attributes = {
				BuildIndependentTargetsInParallel = 1;
				LastSwiftUpdateCheck = 1540;
				LastUpgradeCheck = 1540;
				TargetAttributes = {
					25F666762C8005480089A454 = {
						CreatedOnToolsVersion = 15.4;
					};
				};
			};
			buildConfigurationList = 25F666722C8005480089A454 /* Build configuration list for PBXProject "ITy" */;
			compatibilityVersion = "Xcode 14.0";
			developmentRegion = en;
			hasScannedForEncodings = 0;
			knownRegions = (
				en,
				Base,
			);
			mainGroup = 25F6666E2C8005480089A454;
			packageReferences = (
				25F666932C80067C0089A454 /* XCRemoteSwiftPackageReference "Then" */,
				25F6669B2C80070E0089A454 /* XCRemoteSwiftPackageReference "Moya" */,
				25F666A22C8007CF0089A454 /* XCRemoteSwiftPackageReference "SnapKit" */,
				25F666A52C8007EC0089A454 /* XCRemoteSwiftPackageReference "RxSwift" */,
			);
			productRefGroup = 25F666782C8005480089A454 /* Products */;
			projectDirPath = "";
			projectRoot = "";
			targets = (
				25F666762C8005480089A454 /* ITy */,
			);
		};
/* End PBXProject section */

/* Begin PBXResourcesBuildPhase section */
		25F666752C8005480089A454 /* Resources */ = {
			isa = PBXResourcesBuildPhase;
			buildActionMask = 2147483647;
			files = (
				25F666842C8005490089A454 /* Assets.xcassets in Resources */,
				25F666872C8005490089A454 /* Base in Resources */,
			);
			runOnlyForDeploymentPostprocessing = 0;
		};
/* End PBXResourcesBuildPhase section */

/* Begin PBXSourcesBuildPhase section */
		25F666732C8005480089A454 /* Sources */ = {
			isa = PBXSourcesBuildPhase;
			buildActionMask = 2147483647;
			files = (
				25F666C62C800B760089A454 /* Base.swift in Sources */,
				25F666D12C802FAD0089A454 /* Resource.swift in Sources */,
				25911A0F2C86D05D0029FF09 /* RankViewController.swift in Sources */,
				25F666BC2C800B080089A454 /* UIComponets.swift in Sources */,
				25F666F12C8033200089A454 /* ColorLiterals.swift in Sources */,
				25F666DF2C8030AC0089A454 /* UITabBar+.swift in Sources */,
				25F666BE2C800B2A0089A454 /* TabBarController.swift in Sources */,
				25F666E52C8030F50089A454 /* UIButton+.swift in Sources */,
				25F666B82C800AD90089A454 /* BaseViewController.swift in Sources */,
				25F666DB2C8030900089A454 /* NSObject+.swift in Sources */,
				25F666E92C8031370089A454 /* Observable+.swift in Sources */,
				25F666C02C800B360089A454 /* TabBarItem.swift in Sources */,
				25F6667F2C8005480089A454 /* ViewController.swift in Sources */,
				25F6667B2C8005480089A454 /* AppDelegate.swift in Sources */,
				25F666E12C8030B50089A454 /* UIColor+.swift in Sources */,
				25911A0D2C86D04E0029FF09 /* MainViewController.swift in Sources */,
				25F666C22C800B670089A454 /* APIService.swift in Sources */,
				25F666E32C8030E50089A454 /* UIView+.swift in Sources */,
				25F666D92C8030780089A454 /* UITextField+.swift in Sources */,
				259B5F942C857F8300434B74 /* HomeViewModel.swift in Sources */,
				25F666ED2C8031790089A454 /* ImageLiterals.swift in Sources */,
				25F666EB2C8031680089A454 /* SizeLiterals.swift in Sources */,
				25F666CF2C802FA60089A454 /* Literals.swift in Sources */,
				25F666D72C80306C0089A454 /* String+.swift in Sources */,
				25F666EF2C8033100089A454 /* FontLiterals.swift in Sources */,
				25F666C82C800B7C0089A454 /* Enviornment.swift in Sources */,
				25F666CD2C802F9F0089A454 /* Extension.swift in Sources */,
				25F666DD2C80309F0089A454 /* UIImage+.swift in Sources */,
				25F666D52C802FC80089A454 /* Font.swift in Sources */,
				25F666C42C800B6F0089A454 /* ServiceError.swift in Sources */,
				259B5F902C857F6600434B74 /* HomeViewController.swift in Sources */,
				25F666BA2C800AE70089A454 /* BaseView.swift in Sources */,
				25F6667D2C8005480089A454 /* SceneDelegate.swift in Sources */,
				25F666AE2C800A100089A454 /* data.swift in Sources */,
				259B5F922C857F7900434B74 /* ProfileView.swift in Sources */,
				25F666E72C8031020089A454 /* Encodable+.swift in Sources */,
			);
			runOnlyForDeploymentPostprocessing = 0;
		};
/* End PBXSourcesBuildPhase section */

/* Begin PBXVariantGroup section */
		25F666852C8005490089A454 /* LaunchScreen.storyboard */ = {
			isa = PBXVariantGroup;
			children = (
				25F666862C8005490089A454 /* Base */,
			);
			name = LaunchScreen.storyboard;
			sourceTree = "<group>";
		};
/* End PBXVariantGroup section */

/* Begin XCBuildConfiguration section */
		25F666892C8005490089A454 /* Debug */ = {
			isa = XCBuildConfiguration;
			buildSettings = {
				ALWAYS_SEARCH_USER_PATHS = NO;
				ASSETCATALOG_COMPILER_GENERATE_SWIFT_ASSET_SYMBOL_EXTENSIONS = YES;
				CLANG_ANALYZER_NONNULL = YES;
				CLANG_ANALYZER_NUMBER_OBJECT_CONVERSION = YES_AGGRESSIVE;
				CLANG_CXX_LANGUAGE_STANDARD = "gnu++20";
				CLANG_ENABLE_MODULES = YES;
				CLANG_ENABLE_OBJC_ARC = YES;
				CLANG_ENABLE_OBJC_WEAK = YES;
				CLANG_WARN_BLOCK_CAPTURE_AUTORELEASING = YES;
				CLANG_WARN_BOOL_CONVERSION = YES;
				CLANG_WARN_COMMA = YES;
				CLANG_WARN_CONSTANT_CONVERSION = YES;
				CLANG_WARN_DEPRECATED_OBJC_IMPLEMENTATIONS = YES;
				CLANG_WARN_DIRECT_OBJC_ISA_USAGE = YES_ERROR;
				CLANG_WARN_DOCUMENTATION_COMMENTS = YES;
				CLANG_WARN_EMPTY_BODY = YES;
				CLANG_WARN_ENUM_CONVERSION = YES;
				CLANG_WARN_INFINITE_RECURSION = YES;
				CLANG_WARN_INT_CONVERSION = YES;
				CLANG_WARN_NON_LITERAL_NULL_CONVERSION = YES;
				CLANG_WARN_OBJC_IMPLICIT_RETAIN_SELF = YES;
				CLANG_WARN_OBJC_LITERAL_CONVERSION = YES;
				CLANG_WARN_OBJC_ROOT_CLASS = YES_ERROR;
				CLANG_WARN_QUOTED_INCLUDE_IN_FRAMEWORK_HEADER = YES;
				CLANG_WARN_RANGE_LOOP_ANALYSIS = YES;
				CLANG_WARN_STRICT_PROTOTYPES = YES;
				CLANG_WARN_SUSPICIOUS_MOVE = YES;
				CLANG_WARN_UNGUARDED_AVAILABILITY = YES_AGGRESSIVE;
				CLANG_WARN_UNREACHABLE_CODE = YES;
				CLANG_WARN__DUPLICATE_METHOD_MATCH = YES;
				COPY_PHASE_STRIP = NO;
				DEBUG_INFORMATION_FORMAT = dwarf;
				ENABLE_STRICT_OBJC_MSGSEND = YES;
				ENABLE_TESTABILITY = YES;
				ENABLE_USER_SCRIPT_SANDBOXING = YES;
				GCC_C_LANGUAGE_STANDARD = gnu17;
				GCC_DYNAMIC_NO_PIC = NO;
				GCC_NO_COMMON_BLOCKS = YES;
				GCC_OPTIMIZATION_LEVEL = 0;
				GCC_PREPROCESSOR_DEFINITIONS = (
					"DEBUG=1",
					"$(inherited)",
				);
				GCC_WARN_64_TO_32_BIT_CONVERSION = YES;
				GCC_WARN_ABOUT_RETURN_TYPE = YES_ERROR;
				GCC_WARN_UNDECLARED_SELECTOR = YES;
				GCC_WARN_UNINITIALIZED_AUTOS = YES_AGGRESSIVE;
				GCC_WARN_UNUSED_FUNCTION = YES;
				GCC_WARN_UNUSED_VARIABLE = YES;
				IPHONEOS_DEPLOYMENT_TARGET = 17.5;
				LOCALIZATION_PREFERS_STRING_CATALOGS = YES;
				MTL_ENABLE_DEBUG_INFO = INCLUDE_SOURCE;
				MTL_FAST_MATH = YES;
				ONLY_ACTIVE_ARCH = YES;
				SDKROOT = iphoneos;
				SWIFT_ACTIVE_COMPILATION_CONDITIONS = "DEBUG $(inherited)";
				SWIFT_OPTIMIZATION_LEVEL = "-Onone";
			};
			name = Debug;
		};
		25F6668A2C8005490089A454 /* Release */ = {
			isa = XCBuildConfiguration;
			buildSettings = {
				ALWAYS_SEARCH_USER_PATHS = NO;
				ASSETCATALOG_COMPILER_GENERATE_SWIFT_ASSET_SYMBOL_EXTENSIONS = YES;
				CLANG_ANALYZER_NONNULL = YES;
				CLANG_ANALYZER_NUMBER_OBJECT_CONVERSION = YES_AGGRESSIVE;
				CLANG_CXX_LANGUAGE_STANDARD = "gnu++20";
				CLANG_ENABLE_MODULES = YES;
				CLANG_ENABLE_OBJC_ARC = YES;
				CLANG_ENABLE_OBJC_WEAK = YES;
				CLANG_WARN_BLOCK_CAPTURE_AUTORELEASING = YES;
				CLANG_WARN_BOOL_CONVERSION = YES;
				CLANG_WARN_COMMA = YES;
				CLANG_WARN_CONSTANT_CONVERSION = YES;
				CLANG_WARN_DEPRECATED_OBJC_IMPLEMENTATIONS = YES;
				CLANG_WARN_DIRECT_OBJC_ISA_USAGE = YES_ERROR;
				CLANG_WARN_DOCUMENTATION_COMMENTS = YES;
				CLANG_WARN_EMPTY_BODY = YES;
				CLANG_WARN_ENUM_CONVERSION = YES;
				CLANG_WARN_INFINITE_RECURSION = YES;
				CLANG_WARN_INT_CONVERSION = YES;
				CLANG_WARN_NON_LITERAL_NULL_CONVERSION = YES;
				CLANG_WARN_OBJC_IMPLICIT_RETAIN_SELF = YES;
				CLANG_WARN_OBJC_LITERAL_CONVERSION = YES;
				CLANG_WARN_OBJC_ROOT_CLASS = YES_ERROR;
				CLANG_WARN_QUOTED_INCLUDE_IN_FRAMEWORK_HEADER = YES;
				CLANG_WARN_RANGE_LOOP_ANALYSIS = YES;
				CLANG_WARN_STRICT_PROTOTYPES = YES;
				CLANG_WARN_SUSPICIOUS_MOVE = YES;
				CLANG_WARN_UNGUARDED_AVAILABILITY = YES_AGGRESSIVE;
				CLANG_WARN_UNREACHABLE_CODE = YES;
				CLANG_WARN__DUPLICATE_METHOD_MATCH = YES;
				COPY_PHASE_STRIP = NO;
				DEBUG_INFORMATION_FORMAT = "dwarf-with-dsym";
				ENABLE_NS_ASSERTIONS = NO;
				ENABLE_STRICT_OBJC_MSGSEND = YES;
				ENABLE_USER_SCRIPT_SANDBOXING = YES;
				GCC_C_LANGUAGE_STANDARD = gnu17;
				GCC_NO_COMMON_BLOCKS = YES;
				GCC_WARN_64_TO_32_BIT_CONVERSION = YES;
				GCC_WARN_ABOUT_RETURN_TYPE = YES_ERROR;
				GCC_WARN_UNDECLARED_SELECTOR = YES;
				GCC_WARN_UNINITIALIZED_AUTOS = YES_AGGRESSIVE;
				GCC_WARN_UNUSED_FUNCTION = YES;
				GCC_WARN_UNUSED_VARIABLE = YES;
				IPHONEOS_DEPLOYMENT_TARGET = 17.5;
				LOCALIZATION_PREFERS_STRING_CATALOGS = YES;
				MTL_ENABLE_DEBUG_INFO = NO;
				MTL_FAST_MATH = YES;
				SDKROOT = iphoneos;
				SWIFT_COMPILATION_MODE = wholemodule;
				VALIDATE_PRODUCT = YES;
			};
			name = Release;
		};
		25F6668C2C8005490089A454 /* Debug */ = {
			isa = XCBuildConfiguration;
			buildSettings = {
				ASSETCATALOG_COMPILER_APPICON_NAME = AppIcon;
				ASSETCATALOG_COMPILER_GLOBAL_ACCENT_COLOR_NAME = AccentColor;
				CODE_SIGN_STYLE = Automatic;
				CURRENT_PROJECT_VERSION = 1;
				DEVELOPMENT_TEAM = X96X8FG389;
				GENERATE_INFOPLIST_FILE = YES;
				INFOPLIST_FILE = ITy/Info.plist;
				INFOPLIST_KEY_UIApplicationSupportsIndirectInputEvents = YES;
				INFOPLIST_KEY_UILaunchStoryboardName = LaunchScreen;
				INFOPLIST_KEY_UISupportedInterfaceOrientations_iPad = "UIInterfaceOrientationPortrait UIInterfaceOrientationPortraitUpsideDown UIInterfaceOrientationLandscapeLeft UIInterfaceOrientationLandscapeRight";
				INFOPLIST_KEY_UISupportedInterfaceOrientations_iPhone = "UIInterfaceOrientationPortrait UIInterfaceOrientationLandscapeLeft UIInterfaceOrientationLandscapeRight";
				LD_RUNPATH_SEARCH_PATHS = (
					"$(inherited)",
					"@executable_path/Frameworks",
				);
				MARKETING_VERSION = 1.0;
				PRODUCT_BUNDLE_IDENTIFIER = "Sopt-Cheon.ITy";
				PRODUCT_NAME = "$(TARGET_NAME)";
				SWIFT_EMIT_LOC_STRINGS = YES;
				SWIFT_VERSION = 5.0;
				TARGETED_DEVICE_FAMILY = "1,2";
			};
			name = Debug;
		};
		25F6668D2C8005490089A454 /* Release */ = {
			isa = XCBuildConfiguration;
			buildSettings = {
				ASSETCATALOG_COMPILER_APPICON_NAME = AppIcon;
				ASSETCATALOG_COMPILER_GLOBAL_ACCENT_COLOR_NAME = AccentColor;
				CODE_SIGN_STYLE = Automatic;
				CURRENT_PROJECT_VERSION = 1;
				DEVELOPMENT_TEAM = X96X8FG389;
				GENERATE_INFOPLIST_FILE = YES;
				INFOPLIST_FILE = ITy/Info.plist;
				INFOPLIST_KEY_UIApplicationSupportsIndirectInputEvents = YES;
				INFOPLIST_KEY_UILaunchStoryboardName = LaunchScreen;
				INFOPLIST_KEY_UISupportedInterfaceOrientations_iPad = "UIInterfaceOrientationPortrait UIInterfaceOrientationPortraitUpsideDown UIInterfaceOrientationLandscapeLeft UIInterfaceOrientationLandscapeRight";
				INFOPLIST_KEY_UISupportedInterfaceOrientations_iPhone = "UIInterfaceOrientationPortrait UIInterfaceOrientationLandscapeLeft UIInterfaceOrientationLandscapeRight";
				LD_RUNPATH_SEARCH_PATHS = (
					"$(inherited)",
					"@executable_path/Frameworks",
				);
				MARKETING_VERSION = 1.0;
				PRODUCT_BUNDLE_IDENTIFIER = "Sopt-Cheon.ITy";
				PRODUCT_NAME = "$(TARGET_NAME)";
				SWIFT_EMIT_LOC_STRINGS = YES;
				SWIFT_VERSION = 5.0;
				TARGETED_DEVICE_FAMILY = "1,2";
			};
			name = Release;
		};
/* End XCBuildConfiguration section */

/* Begin XCConfigurationList section */
		25F666722C8005480089A454 /* Build configuration list for PBXProject "ITy" */ = {
			isa = XCConfigurationList;
			buildConfigurations = (
				25F666892C8005490089A454 /* Debug */,
				25F6668A2C8005490089A454 /* Release */,
			);
			defaultConfigurationIsVisible = 0;
			defaultConfigurationName = Release;
		};
		25F6668B2C8005490089A454 /* Build configuration list for PBXNativeTarget "ITy" */ = {
			isa = XCConfigurationList;
			buildConfigurations = (
				25F6668C2C8005490089A454 /* Debug */,
				25F6668D2C8005490089A454 /* Release */,
			);
			defaultConfigurationIsVisible = 0;
			defaultConfigurationName = Release;
		};
/* End XCConfigurationList section */

/* Begin XCRemoteSwiftPackageReference section */
		25F666932C80067C0089A454 /* XCRemoteSwiftPackageReference "Then" */ = {
			isa = XCRemoteSwiftPackageReference;
			repositoryURL = "https://github.com/devxoul/Then.git";
			requirement = {
				kind = upToNextMajorVersion;
				minimumVersion = 3.0.0;
			};
		};
		25F6669B2C80070E0089A454 /* XCRemoteSwiftPackageReference "Moya" */ = {
			isa = XCRemoteSwiftPackageReference;
			repositoryURL = "https://github.com/Moya/Moya.git";
			requirement = {
				kind = upToNextMajorVersion;
				minimumVersion = 15.0.3;
			};
		};
		25F666A22C8007CF0089A454 /* XCRemoteSwiftPackageReference "SnapKit" */ = {
			isa = XCRemoteSwiftPackageReference;
			repositoryURL = "https://github.com/SnapKit/SnapKit.git";
			requirement = {
				kind = upToNextMajorVersion;
				minimumVersion = 5.7.1;
			};
		};
		25F666A52C8007EC0089A454 /* XCRemoteSwiftPackageReference "RxSwift" */ = {
			isa = XCRemoteSwiftPackageReference;
			repositoryURL = "https://github.com/ReactiveX/RxSwift.git";
			requirement = {
				kind = upToNextMajorVersion;
				minimumVersion = 6.7.1;
			};
		};
/* End XCRemoteSwiftPackageReference section */

/* Begin XCSwiftPackageProductDependency section */
		259B5F952C857FC000434B74 /* RxCocoa */ = {
			isa = XCSwiftPackageProductDependency;
			package = 25F666A52C8007EC0089A454 /* XCRemoteSwiftPackageReference "RxSwift" */;
			productName = RxCocoa;
		};
		25F666942C80067C0089A454 /* Then */ = {
			isa = XCSwiftPackageProductDependency;
			package = 25F666932C80067C0089A454 /* XCRemoteSwiftPackageReference "Then" */;
			productName = Then;
		};
		25F6669C2C80070E0089A454 /* Moya */ = {
			isa = XCSwiftPackageProductDependency;
			package = 25F6669B2C80070E0089A454 /* XCRemoteSwiftPackageReference "Moya" */;
			productName = Moya;
		};
		25F6669E2C80070E0089A454 /* ReactiveMoya */ = {
			isa = XCSwiftPackageProductDependency;
			package = 25F6669B2C80070E0089A454 /* XCRemoteSwiftPackageReference "Moya" */;
			productName = ReactiveMoya;
		};
		25F666A02C80070E0089A454 /* RxMoya */ = {
			isa = XCSwiftPackageProductDependency;
			package = 25F6669B2C80070E0089A454 /* XCRemoteSwiftPackageReference "Moya" */;
			productName = RxMoya;
		};
		25F666A32C8007CF0089A454 /* SnapKit */ = {
			isa = XCSwiftPackageProductDependency;
			package = 25F666A22C8007CF0089A454 /* XCRemoteSwiftPackageReference "SnapKit" */;
			productName = SnapKit;
		};
		25F666A62C8007EC0089A454 /* RxSwift */ = {
			isa = XCSwiftPackageProductDependency;
			package = 25F666A52C8007EC0089A454 /* XCRemoteSwiftPackageReference "RxSwift" */;
			productName = RxSwift;
		};
/* End XCSwiftPackageProductDependency section */
	};
	rootObject = 25F6666F2C8005480089A454 /* Project object */;
}
